// !$*UTF8*$!
{
	archiveVersion = 1;
	classes = {
	};
	objectVersion = 46;
	objects = {

/* Begin PBXGroup section */
		5A2D5BDA1A0A9BED005A238B = {
			isa = PBXGroup;
			children = (
			);
			sourceTree = "<group>";
		};
/* End PBXGroup section */

/* Begin PBXProject section */
		5A2D5BDB1A0A9BED005A238B /* Project object */ = {
			isa = PBXProject;
			attributes = {
				LastUpgradeCheck = 0610;
			};
			buildConfigurationList = 5A2D5BDE1A0A9BED005A238B /* Build configuration list for PBXProject "swift-utils" */;
			compatibilityVersion = "Xcode 3.2";
			developmentRegion = English;
			hasScannedForEncodings = 0;
			knownRegions = (
				en,
			);
			mainGroup = 5A2D5BDA1A0A9BED005A238B;
			projectDirPath = "";
			projectRoot = "";
			targets = (
			);
		};
/* End PBXProject section */

/* Begin XCBuildConfiguration section */
		5A2D5BDF1A0A9BED005A238B /* Debug */ = {
			isa = XCBuildConfiguration;
			buildSettings = {
			};
			name = Debug;
		};
		5A2D5BE01A0A9BED005A238B /* Release */ = {
			isa = XCBuildConfiguration;
			buildSettings = {
			};
			name = Release;
		};
/* End XCBuildConfiguration section */

/* Begin XCConfigurationList section */
		5A2D5BDE1A0A9BED005A238B /* Build configuration list for PBXProject "swift-utils" */ = {
			isa = XCConfigurationList;
			buildConfigurations = (
				5A2D5BDF1A0A9BED005A238B /* Debug */,
				5A2D5BE01A0A9BED005A238B /* Release */,
			);
			defaultConfigurationIsVisible = 0;
			defaultConfigurationName = Release;
		};
/* End XCConfigurationList section */
	};
	rootObject = 5A2D5BDB1A0A9BED005A238B /* Project object */;
}
